
Microsoft Visual Studio Solution File, Format Version 12.00
# Visual Studio Version 17
VisualStudioVersion = 17.0.31903.59
MinimumVisualStudioVersion = 10.0.40219.1
Project("{2150E333-8FDC-42A3-9474-1A3956D46DE8}") = "src", "src", "{827E0CD3-B72D-47B6-A68D-7590B98EB39B}"
EndProject
Project("{FAE04EC0-301F-11D3-BF4B-00C04F79EFBC}") = "AnyDeskMonitor.Domain", "src\AnyDeskMonitor.Domain\AnyDeskMonitor.Domain.csproj", "{60D0312A-213F-4D5B-B3D4-19E6CC159C85}"
EndProject
Project("{FAE04EC0-301F-11D3-BF4B-00C04F79EFBC}") = "AnyDeskMonitor.Shared", "src\AnyDeskMonitor.Shared\AnyDeskMonitor.Shared.csproj", "{A8F8C5E4-FA16-4D7E-A3D3-37E03AEAA36F}"
EndProject
Project("{FAE04EC0-301F-11D3-BF4B-00C04F79EFBC}") = "AnyDeskMonitor.Application", "src\AnyDeskMonitor.Application\AnyDeskMonitor.Application.csproj", "{2AF7E48F-1B71-46D8-91AC-C3EF58ED0021}"
EndProject
Project("{FAE04EC0-301F-11D3-BF4B-00C04F79EFBC}") = "AnyDeskMonitor.Infrastructure", "src\AnyDeskMonitor.Infrastructure\AnyDeskMonitor.Infrastructure.csproj", "{765D42BA-D593-4047-9D48-FAD315DA2083}"
EndProject
Project("{FAE04EC0-301F-11D3-BF4B-00C04F79EFBC}") = "AnyDeskMonitor.Api", "src\AnyDeskMonitor.Api\AnyDeskMonitor.Api.csproj", "{4A92FB3F-E260-419E-8982-D1AF699ADF3A}"
EndProject
Project("{FAE04EC0-301F-11D3-BF4B-00C04F79EFBC}") = "AnyDeskMonitor.Web", "src\AnyDeskMonitor.Web\AnyDeskMonitor.Web.csproj", "{D080D19A-C824-420A-87EB-E7E516285F4C}"
EndProject
Project("{FAE04EC0-301F-11D3-BF4B-00C04F79EFBC}") = "AnyDeskMonitor.Agent", "src\AnyDeskMonitor.Agent\AnyDeskMonitor.Agent.csproj", "{CEBA69C1-7A59-4168-96F4-9FD4C3749501}"
EndProject
Project("{2150E333-8FDC-42A3-9474-1A3956D46DE8}") = "tests", "tests", "{0AB3BF05-4346-4AA6-1389-037BE0695223}"
EndProject
Project("{FAE04EC0-301F-11D3-BF4B-00C04F79EFBC}") = "AnyDeskMonitor.Tests", "tests\AnyDeskMonitor.Tests\AnyDeskMonitor.Tests.csproj", "{9B5C9254-5FC5-453C-A5EB-E3FB86D23031}"
EndProject
Global
	GlobalSection(SolutionConfigurationPlatforms) = preSolution
		Debug|Any CPU = Debug|Any CPU
		Debug|x64 = Debug|x64
		Debug|x86 = Debug|x86
		Release|Any CPU = Release|Any CPU
		Release|x64 = Release|x64
		Release|x86 = Release|x86
	EndGlobalSection
	GlobalSection(ProjectConfigurationPlatforms) = postSolution
		{60D0312A-213F-4D5B-B3D4-19E6CC159C85}.Debug|Any CPU.ActiveCfg = Debug|Any CPU
		{60D0312A-213F-4D5B-B3D4-19E6CC159C85}.Debug|Any CPU.Build.0 = Debug|Any CPU
		{60D0312A-213F-4D5B-B3D4-19E6CC159C85}.Debug|x64.ActiveCfg = Debug|Any CPU
		{60D0312A-213F-4D5B-B3D4-19E6CC159C85}.Debug|x64.Build.0 = Debug|Any CPU
		{60D0312A-213F-4D5B-B3D4-19E6CC159C85}.Debug|x86.ActiveCfg = Debug|Any CPU
		{60D0312A-213F-4D5B-B3D4-19E6CC159C85}.Debug|x86.Build.0 = Debug|Any CPU
		{60D0312A-213F-4D5B-B3D4-19E6CC159C85}.Release|Any CPU.ActiveCfg = Release|Any CPU
		{60D0312A-213F-4D5B-B3D4-19E6CC159C85}.Release|Any CPU.Build.0 = Release|Any CPU
		{60D0312A-213F-4D5B-B3D4-19E6CC159C85}.Release|x64.ActiveCfg = Release|Any CPU
		{60D0312A-213F-4D5B-B3D4-19E6CC159C85}.Release|x64.Build.0 = Release|Any CPU
		{60D0312A-213F-4D5B-B3D4-19E6CC159C85}.Release|x86.ActiveCfg = Release|Any CPU
		{60D0312A-213F-4D5B-B3D4-19E6CC159C85}.Release|x86.Build.0 = Release|Any CPU
		{A8F8C5E4-FA16-4D7E-A3D3-37E03AEAA36F}.Debug|Any CPU.ActiveCfg = Debug|Any CPU
		{A8F8C5E4-FA16-4D7E-A3D3-37E03AEAA36F}.Debug|Any CPU.Build.0 = Debug|Any CPU
		{A8F8C5E4-FA16-4D7E-A3D3-37E03AEAA36F}.Debug|x64.ActiveCfg = Debug|Any CPU
		{A8F8C5E4-FA16-4D7E-A3D3-37E03AEAA36F}.Debug|x64.Build.0 = Debug|Any CPU
		{A8F8C5E4-FA16-4D7E-A3D3-37E03AEAA36F}.Debug|x86.ActiveCfg = Debug|Any CPU
		{A8F8C5E4-FA16-4D7E-A3D3-37E03AEAA36F}.Debug|x86.Build.0 = Debug|Any CPU
		{A8F8C5E4-FA16-4D7E-A3D3-37E03AEAA36F}.Release|Any CPU.ActiveCfg = Release|Any CPU
		{A8F8C5E4-FA16-4D7E-A3D3-37E03AEAA36F}.Release|Any CPU.Build.0 = Release|Any CPU
		{A8F8C5E4-FA16-4D7E-A3D3-37E03AEAA36F}.Release|x64.ActiveCfg = Release|Any CPU
		{A8F8C5E4-FA16-4D7E-A3D3-37E03AEAA36F}.Release|x64.Build.0 = Release|Any CPU
		{A8F8C5E4-FA16-4D7E-A3D3-37E03AEAA36F}.Release|x86.ActiveCfg = Release|Any CPU
		{A8F8C5E4-FA16-4D7E-A3D3-37E03AEAA36F}.Release|x86.Build.0 = Release|Any CPU
		{2AF7E48F-1B71-46D8-91AC-C3EF58ED0021}.Debug|Any CPU.ActiveCfg = Debug|Any CPU
		{2AF7E48F-1B71-46D8-91AC-C3EF58ED0021}.Debug|Any CPU.Build.0 = Debug|Any CPU
		{2AF7E48F-1B71-46D8-91AC-C3EF58ED0021}.Debug|x64.ActiveCfg = Debug|Any CPU
		{2AF7E48F-1B71-46D8-91AC-C3EF58ED0021}.Debug|x64.Build.0 = Debug|Any CPU
		{2AF7E48F-1B71-46D8-91AC-C3EF58ED0021}.Debug|x86.ActiveCfg = Debug|Any CPU
		{2AF7E48F-1B71-46D8-91AC-C3EF58ED0021}.Debug|x86.Build.0 = Debug|Any CPU
		{2AF7E48F-1B71-46D8-91AC-C3EF58ED0021}.Release|Any CPU.ActiveCfg = Release|Any CPU
		{2AF7E48F-1B71-46D8-91AC-C3EF58ED0021}.Release|Any CPU.Build.0 = Release|Any CPU
		{2AF7E48F-1B71-46D8-91AC-C3EF58ED0021}.Release|x64.ActiveCfg = Release|Any CPU
		{2AF7E48F-1B71-46D8-91AC-C3EF58ED0021}.Release|x64.Build.0 = Release|Any CPU
		{2AF7E48F-1B71-46D8-91AC-C3EF58ED0021}.Release|x86.ActiveCfg = Release|Any CPU
		{2AF7E48F-1B71-46D8-91AC-C3EF58ED0021}.Release|x86.Build.0 = Release|Any CPU
		{765D42BA-D593-4047-9D48-FAD315DA2083}.Debug|Any CPU.ActiveCfg = Debug|Any CPU
		{765D42BA-D593-4047-9D48-FAD315DA2083}.Debug|Any CPU.Build.0 = Debug|Any CPU
		{765D42BA-D593-4047-9D48-FAD315DA2083}.Debug|x64.ActiveCfg = Debug|Any CPU
		{765D42BA-D593-4047-9D48-FAD315DA2083}.Debug|x64.Build.0 = Debug|Any CPU
		{765D42BA-D593-4047-9D48-FAD315DA2083}.Debug|x86.ActiveCfg = Debug|Any CPU
		{765D42BA-D593-4047-9D48-FAD315DA2083}.Debug|x86.Build.0 = Debug|Any CPU
		{765D42BA-D593-4047-9D48-FAD315DA2083}.Release|Any CPU.ActiveCfg = Release|Any CPU
		{765D42BA-D593-4047-9D48-FAD315DA2083}.Release|Any CPU.Build.0 = Release|Any CPU
		{765D42BA-D593-4047-9D48-FAD315DA2083}.Release|x64.ActiveCfg = Release|Any CPU
		{765D42BA-D593-4047-9D48-FAD315DA2083}.Release|x64.Build.0 = Release|Any CPU
		{765D42BA-D593-4047-9D48-FAD315DA2083}.Release|x86.ActiveCfg = Release|Any CPU
		{765D42BA-D593-4047-9D48-FAD315DA2083}.Release|x86.Build.0 = Release|Any CPU
		{4A92FB3F-E260-419E-8982-D1AF699ADF3A}.Debug|Any CPU.ActiveCfg = Debug|Any CPU
		{4A92FB3F-E260-419E-8982-D1AF699ADF3A}.Debug|Any CPU.Build.0 = Debug|Any CPU
		{4A92FB3F-E260-419E-8982-D1AF699ADF3A}.Debug|x64.ActiveCfg = Debug|Any CPU
		{4A92FB3F-E260-419E-8982-D1AF699ADF3A}.Debug|x64.Build.0 = Debug|Any CPU
		{4A92FB3F-E260-419E-8982-D1AF699ADF3A}.Debug|x86.ActiveCfg = Debug|Any CPU
		{4A92FB3F-E260-419E-8982-D1AF699ADF3A}.Debug|x86.Build.0 = Debug|Any CPU
		{4A92FB3F-E260-419E-8982-D1AF699ADF3A}.Release|Any CPU.ActiveCfg = Release|Any CPU
		{4A92FB3F-E260-419E-8982-D1AF699ADF3A}.Release|Any CPU.Build.0 = Release|Any CPU
		{4A92FB3F-E260-419E-8982-D1AF699ADF3A}.Release|x64.ActiveCfg = Release|Any CPU
		{4A92FB3F-E260-419E-8982-D1AF699ADF3A}.Release|x64.Build.0 = Release|Any CPU
		{4A92FB3F-E260-419E-8982-D1AF699ADF3A}.Release|x86.ActiveCfg = Release|Any CPU
		{4A92FB3F-E260-419E-8982-D1AF699ADF3A}.Release|x86.Build.0 = Release|Any CPU
		{D080D19A-C824-420A-87EB-E7E516285F4C}.Debug|Any CPU.ActiveCfg = Debug|Any CPU
		{D080D19A-C824-420A-87EB-E7E516285F4C}.Debug|Any CPU.Build.0 = Debug|Any CPU
		{D080D19A-C824-420A-87EB-E7E516285F4C}.Debug|x64.ActiveCfg = Debug|Any CPU
		{D080D19A-C824-420A-87EB-E7E516285F4C}.Debug|x64.Build.0 = Debug|Any CPU
		{D080D19A-C824-420A-87EB-E7E516285F4C}.Debug|x86.ActiveCfg = Debug|Any CPU
		{D080D19A-C824-420A-87EB-E7E516285F4C}.Debug|x86.Build.0 = Debug|Any CPU
		{D080D19A-C824-420A-87EB-E7E516285F4C}.Release|Any CPU.ActiveCfg = Release|Any CPU
		{D080D19A-C824-420A-87EB-E7E516285F4C}.Release|Any CPU.Build.0 = Release|Any CPU
		{D080D19A-C824-420A-87EB-E7E516285F4C}.Release|x64.ActiveCfg = Release|Any CPU
		{D080D19A-C824-420A-87EB-E7E516285F4C}.Release|x64.Build.0 = Release|Any CPU
		{D080D19A-C824-420A-87EB-E7E516285F4C}.Release|x86.ActiveCfg = Release|Any CPU
		{D080D19A-C824-420A-87EB-E7E516285F4C}.Release|x86.Build.0 = Release|Any CPU
		{CEBA69C1-7A59-4168-96F4-9FD4C3749501}.Debug|Any CPU.ActiveCfg = Debug|Any CPU
		{CEBA69C1-7A59-4168-96F4-9FD4C3749501}.Debug|Any CPU.Build.0 = Debug|Any CPU
		{CEBA69C1-7A59-4168-96F4-9FD4C3749501}.Debug|x64.ActiveCfg = Debug|Any CPU
		{CEBA69C1-7A59-4168-96F4-9FD4C3749501}.Debug|x64.Build.0 = Debug|Any CPU
		{CEBA69C1-7A59-4168-96F4-9FD4C3749501}.Debug|x86.ActiveCfg = Debug|Any CPU
		{CEBA69C1-7A59-4168-96F4-9FD4C3749501}.Debug|x86.Build.0 = Debug|Any CPU
		{CEBA69C1-7A59-4168-96F4-9FD4C3749501}.Release|Any CPU.ActiveCfg = Release|Any CPU
		{CEBA69C1-7A59-4168-96F4-9FD4C3749501}.Release|Any CPU.Build.0 = Release|Any CPU
		{CEBA69C1-7A59-4168-96F4-9FD4C3749501}.Release|x64.ActiveCfg = Release|Any CPU
		{CEBA69C1-7A59-4168-96F4-9FD4C3749501}.Release|x64.Build.0 = Release|Any CPU
		{CEBA69C1-7A59-4168-96F4-9FD4C3749501}.Release|x86.ActiveCfg = Release|Any CPU
		{CEBA69C1-7A59-4168-96F4-9FD4C3749501}.Release|x86.Build.0 = Release|Any CPU
		{9B5C9254-5FC5-453C-A5EB-E3FB86D23031}.Debug|Any CPU.ActiveCfg = Debug|Any CPU
		{9B5C9254-5FC5-453C-A5EB-E3FB86D23031}.Debug|Any CPU.Build.0 = Debug|Any CPU
		{9B5C9254-5FC5-453C-A5EB-E3FB86D23031}.Debug|x64.ActiveCfg = Debug|Any CPU
		{9B5C9254-5FC5-453C-A5EB-E3FB86D23031}.Debug|x64.Build.0 = Debug|Any CPU
		{9B5C9254-5FC5-453C-A5EB-E3FB86D23031}.Debug|x86.ActiveCfg = Debug|Any CPU
		{9B5C9254-5FC5-453C-A5EB-E3FB86D23031}.Debug|x86.Build.0 = Debug|Any CPU
		{9B5C9254-5FC5-453C-A5EB-E3FB86D23031}.Release|Any CPU.ActiveCfg = Release|Any CPU
		{9B5C9254-5FC5-453C-A5EB-E3FB86D23031}.Release|Any CPU.Build.0 = Release|Any CPU
		{9B5C9254-5FC5-453C-A5EB-E3FB86D23031}.Release|x64.ActiveCfg = Release|Any CPU
		{9B5C9254-5FC5-453C-A5EB-E3FB86D23031}.Release|x64.Build.0 = Release|Any CPU
		{9B5C9254-5FC5-453C-A5EB-E3FB86D23031}.Release|x86.ActiveCfg = Release|Any CPU
		{9B5C9254-5FC5-453C-A5EB-E3FB86D23031}.Release|x86.Build.0 = Release|Any CPU
	EndGlobalSection
	GlobalSection(SolutionProperties) = preSolution
		HideSolutionNode = FALSE
	EndGlobalSection
	GlobalSection(NestedProjects) = preSolution
		{60D0312A-213F-4D5B-B3D4-19E6CC159C85} = {827E0CD3-B72D-47B6-A68D-7590B98EB39B}
		{A8F8C5E4-FA16-4D7E-A3D3-37E03AEAA36F} = {827E0CD3-B72D-47B6-A68D-7590B98EB39B}
		{2AF7E48F-1B71-46D8-91AC-C3EF58ED0021} = {827E0CD3-B72D-47B6-A68D-7590B98EB39B}
		{765D42BA-D593-4047-9D48-FAD315DA2083} = {827E0CD3-B72D-47B6-A68D-7590B98EB39B}
		{4A92FB3F-E260-419E-8982-D1AF699ADF3A} = {827E0CD3-B72D-47B6-A68D-7590B98EB39B}
		{D080D19A-C824-420A-87EB-E7E516285F4C} = {827E0CD3-B72D-47B6-A68D-7590B98EB39B}
		{CEBA69C1-7A59-4168-96F4-9FD4C3749501} = {827E0CD3-B72D-47B6-A68D-7590B98EB39B}
		{9B5C9254-5FC5-453C-A5EB-E3FB86D23031} = {0AB3BF05-4346-4AA6-1389-037BE0695223}
	EndGlobalSection
EndGlobal
